
Microsoft Visual Studio Solution File, Format Version 12.00
# Visual Studio Version 17
VisualStudioVersion = 17.9.34728.123
MinimumVisualStudioVersion = 10.0.40219.1
Project("{FAE04EC0-301F-11D3-BF4B-00C04F79EFBC}") = "Xbox 360 BadUpdate USB Tool", "Xbox 360 BadUpdate USB Tool\Xbox 360 BadUpdate USB Tool.csproj", "{13B3193D-698C-461E-A2CE-9541FFFF91DE}"
EndProject
Global
	GlobalSection(SolutionConfigurationPlatforms) = preSolution
		Debug|Any CPU = Debug|Any CPU
		Release|Any CPU = Release|Any CPU
	EndGlobalSection
	GlobalSection(ProjectConfigurationPlatforms) = postSolution
		{13B3193D-698C-461E-A2CE-9541FFFF91DE}.Debug|Any CPU.ActiveCfg = Debug|Any CPU
		{13B3193D-698C-461E-A2CE-9541FFFF91DE}.Debug|Any CPU.Build.0 = Debug|Any CPU
		{13B3193D-698C-461E-A2CE-9541FFFF91DE}.Release|Any CPU.ActiveCfg = Release|Any CPU
		{13B3193D-698C-461E-A2CE-9541FFFF91DE}.Release|Any CPU.Build.0 = Release|Any CPU
	EndGlobalSection
	GlobalSection(SolutionProperties) = preSolution
		HideSolutionNode = FALSE
	EndGlobalSection
	GlobalSection(ExtensibilityGlobals) = postSolution
		SolutionGuid = {D5B3DBD3-D7F8-4804-9A79-C31B099860CB}
	EndGlobalSection
EndGlobal
